
Microsoft Visual Studio Solution File, Format Version 12.00
# Visual Studio Version 16
VisualStudioVersion = 16.0.29230.47
MinimumVisualStudioVersion = 10.0.40219.1
Project("{FAE04EC0-301F-11D3-BF4B-00C04F79EFBC}") = "Temporaire", "Temporaire.csproj", "{9FAB8DBB-A2B0-41C9-9F91-B03CB268BD55}"
EndProject
Project("{FAE04EC0-301F-11D3-BF4B-00C04F79EFBC}") = "Temporaire.Console", "..\Temporaire.Console\Temporaire.Console.csproj", "{BFDF2682-FEE0-47F8-98CE-7AB4FB1C157C}"
EndProject
Global
	GlobalSection(SolutionConfigurationPlatforms) = preSolution
		Debug|Any CPU = Debug|Any CPU
		Release|Any CPU = Release|Any CPU
	EndGlobalSection
	GlobalSection(ProjectConfigurationPlatforms) = postSolution
		{9FAB8DBB-A2B0-41C9-9F91-B03CB268BD55}.Debug|Any CPU.ActiveCfg = Debug|Any CPU
		{9FAB8DBB-A2B0-41C9-9F91-B03CB268BD55}.Debug|Any CPU.Build.0 = Debug|Any CPU
		{9FAB8DBB-A2B0-41C9-9F91-B03CB268BD55}.Release|Any CPU.ActiveCfg = Release|Any CPU
		{9FAB8DBB-A2B0-41C9-9F91-B03CB268BD55}.Release|Any CPU.Build.0 = Release|Any CPU
		{BFDF2682-FEE0-47F8-98CE-7AB4FB1C157C}.Debug|Any CPU.ActiveCfg = Debug|Any CPU
		{BFDF2682-FEE0-47F8-98CE-7AB4FB1C157C}.Debug|Any CPU.Build.0 = Debug|Any CPU
		{BFDF2682-FEE0-47F8-98CE-7AB4FB1C157C}.Release|Any CPU.ActiveCfg = Release|Any CPU
		{BFDF2682-FEE0-47F8-98CE-7AB4FB1C157C}.Release|Any CPU.Build.0 = Release|Any CPU
	EndGlobalSection
	GlobalSection(SolutionProperties) = preSolution
		HideSolutionNode = FALSE
	EndGlobalSection
	GlobalSection(ExtensibilityGlobals) = postSolution
		SolutionGuid = {58E63244-D2A3-45FD-8CC5-251D60A074BF}
	EndGlobalSection
EndGlobal
